# THIS IS AN AUTOGENERATED FILE. DO NOT EDIT THIS FILE DIRECTLY.
# yarn lockfile v1


kotlin@^1.1.4:
  version "1.1.4"
  resolved "https://registry.yarnpkg.com/kotlin/-/kotlin-1.1.4.tgz#bcb305efd540df67f7e274243eef35c26a8402f7"

segment@^0.1.3:
  version "0.1.3"
  resolved "https://registry.yarnpkg.com/segment/-/segment-0.1.3.tgz#605f80fd6c7131c46e38103a17b1688f09efafa7"
